
Microsoft Visual Studio Solution File, Format Version 12.00
# Visual Studio Version 17
VisualStudioVersion = 17.6.33801.468
MinimumVisualStudioVersion = 10.0.40219.1
Project("{FAE04EC0-301F-11D3-BF4B-00C04F79EFBC}") = "GA_Insertion_Sort_ArmanSahota", "GA_Insertion_Sort_ArmanSahota.csproj", "{DB8258A1-94FD-40A1-A668-CDB5C5189085}"
EndProject
Global
	GlobalSection(SolutionConfigurationPlatforms) = preSolution
		Debug|Any CPU = Debug|Any CPU
		Release|Any CPU = Release|Any CPU
	EndGlobalSection
	GlobalSection(ProjectConfigurationPlatforms) = postSolution
		{DB8258A1-94FD-40A1-A668-CDB5C5189085}.Debug|Any CPU.ActiveCfg = Debug|Any CPU
		{DB8258A1-94FD-40A1-A668-CDB5C5189085}.Debug|Any CPU.Build.0 = Debug|Any CPU
		{DB8258A1-94FD-40A1-A668-CDB5C5189085}.Release|Any CPU.ActiveCfg = Release|Any CPU
		{DB8258A1-94FD-40A1-A668-CDB5C5189085}.Release|Any CPU.Build.0 = Release|Any CPU
	EndGlobalSection
	GlobalSection(SolutionProperties) = preSolution
		HideSolutionNode = FALSE
	EndGlobalSection
	GlobalSection(ExtensibilityGlobals) = postSolution
		SolutionGuid = {E809000A-B88C-44AF-8EE4-31B91FB264E4}
	EndGlobalSection
EndGlobal
